
Microsoft Visual Studio Solution File, Format Version 12.00
# Visual Studio Version 17
VisualStudioVersion = 17.7.34031.279
MinimumVisualStudioVersion = 10.0.40219.1
Project("{9A19103F-16F7-4668-BE54-9A1E7A4F7556}") = "MultiTenantApi", "MultiTenantApi\MultiTenantApi.csproj", "{8A0A7091-EB24-43C8-B9AC-BB61954777DB}"
EndProject
Project("{9A19103F-16F7-4668-BE54-9A1E7A4F7556}") = "MultiTenantApi.Contract", "MultiTenantApi.Contract\MultiTenantApi.Contract.csproj", "{A4AD6E1C-DEE4-4482-AACC-64CE69A83F14}"
EndProject
Project("{9A19103F-16F7-4668-BE54-9A1E7A4F7556}") = "MultiTenantApi.Repositories", "MultiTenantApi.Repositories\MultiTenantApi.Repositories.csproj", "{F267E2AE-7797-4D52-A7D3-3E19F4190DFD}"
EndProject
Project("{9A19103F-16F7-4668-BE54-9A1E7A4F7556}") = "MultiTenantApi.Services", "MultiTenantApi.Services\MultiTenantApi.Services.csproj", "{49A10C57-681C-46D3-A0B9-D43649654F81}"
EndProject
Project("{9A19103F-16F7-4668-BE54-9A1E7A4F7556}") = "MultiTenantApi.Common", "MultiTenantApi.Common\MultiTenantApi.Common.csproj", "{C49B0E7A-B972-4E59-BA1E-274B6A97DEA7}"
EndProject
Project("{FAE04EC0-301F-11D3-BF4B-00C04F79EFBC}") = "MultiTenantApi.Infrastructure", "MultiTenantApi.Infrastructure\MultiTenantApi.Infrastructure.csproj", "{387164DB-E587-4A3B-B399-E89F49152F04}"
EndProject
Global
	GlobalSection(SolutionConfigurationPlatforms) = preSolution
		Debug|Any CPU = Debug|Any CPU
		Release|Any CPU = Release|Any CPU
	EndGlobalSection
	GlobalSection(ProjectConfigurationPlatforms) = postSolution
		{8A0A7091-EB24-43C8-B9AC-BB61954777DB}.Debug|Any CPU.ActiveCfg = Debug|Any CPU
		{8A0A7091-EB24-43C8-B9AC-BB61954777DB}.Debug|Any CPU.Build.0 = Debug|Any CPU
		{8A0A7091-EB24-43C8-B9AC-BB61954777DB}.Release|Any CPU.ActiveCfg = Release|Any CPU
		{8A0A7091-EB24-43C8-B9AC-BB61954777DB}.Release|Any CPU.Build.0 = Release|Any CPU
		{A4AD6E1C-DEE4-4482-AACC-64CE69A83F14}.Debug|Any CPU.ActiveCfg = Debug|Any CPU
		{A4AD6E1C-DEE4-4482-AACC-64CE69A83F14}.Debug|Any CPU.Build.0 = Debug|Any CPU
		{A4AD6E1C-DEE4-4482-AACC-64CE69A83F14}.Release|Any CPU.ActiveCfg = Release|Any CPU
		{A4AD6E1C-DEE4-4482-AACC-64CE69A83F14}.Release|Any CPU.Build.0 = Release|Any CPU
		{F267E2AE-7797-4D52-A7D3-3E19F4190DFD}.Debug|Any CPU.ActiveCfg = Debug|Any CPU
		{F267E2AE-7797-4D52-A7D3-3E19F4190DFD}.Debug|Any CPU.Build.0 = Debug|Any CPU
		{F267E2AE-7797-4D52-A7D3-3E19F4190DFD}.Release|Any CPU.ActiveCfg = Release|Any CPU
		{F267E2AE-7797-4D52-A7D3-3E19F4190DFD}.Release|Any CPU.Build.0 = Release|Any CPU
		{49A10C57-681C-46D3-A0B9-D43649654F81}.Debug|Any CPU.ActiveCfg = Debug|Any CPU
		{49A10C57-681C-46D3-A0B9-D43649654F81}.Debug|Any CPU.Build.0 = Debug|Any CPU
		{49A10C57-681C-46D3-A0B9-D43649654F81}.Release|Any CPU.ActiveCfg = Release|Any CPU
		{49A10C57-681C-46D3-A0B9-D43649654F81}.Release|Any CPU.Build.0 = Release|Any CPU
		{C49B0E7A-B972-4E59-BA1E-274B6A97DEA7}.Debug|Any CPU.ActiveCfg = Debug|Any CPU
		{C49B0E7A-B972-4E59-BA1E-274B6A97DEA7}.Debug|Any CPU.Build.0 = Debug|Any CPU
		{C49B0E7A-B972-4E59-BA1E-274B6A97DEA7}.Release|Any CPU.ActiveCfg = Release|Any CPU
		{C49B0E7A-B972-4E59-BA1E-274B6A97DEA7}.Release|Any CPU.Build.0 = Release|Any CPU
		{387164DB-E587-4A3B-B399-E89F49152F04}.Debug|Any CPU.ActiveCfg = Debug|Any CPU
		{387164DB-E587-4A3B-B399-E89F49152F04}.Debug|Any CPU.Build.0 = Debug|Any CPU
		{387164DB-E587-4A3B-B399-E89F49152F04}.Release|Any CPU.ActiveCfg = Release|Any CPU
		{387164DB-E587-4A3B-B399-E89F49152F04}.Release|Any CPU.Build.0 = Release|Any CPU
	EndGlobalSection
	GlobalSection(SolutionProperties) = preSolution
		HideSolutionNode = FALSE
	EndGlobalSection
	GlobalSection(ExtensibilityGlobals) = postSolution
		SolutionGuid = {17A5D9A5-81D3-4CF7-8474-F154A408539F}
	EndGlobalSection
EndGlobal
